// !$*UTF8*$!
{
	archiveVersion = 1;
	classes = {
	};
	objectVersion = 48;
	objects = {

/* Begin PBXBuildFile section */
		D83656811F5A79DA00BDDE9A /* AppDelegate.swift in Sources */ = {isa = PBXBuildFile; fileRef = D83656801F5A79DA00BDDE9A /* AppDelegate.swift */; };
		D83656831F5A79DA00BDDE9A /* ViewController.swift in Sources */ = {isa = PBXBuildFile; fileRef = D83656821F5A79DA00BDDE9A /* ViewController.swift */; };
		D83656861F5A79DA00BDDE9A /* Main.storyboard in Resources */ = {isa = PBXBuildFile; fileRef = D83656841F5A79DA00BDDE9A /* Main.storyboard */; };
		D83656881F5A79DA00BDDE9A /* Assets.xcassets in Resources */ = {isa = PBXBuildFile; fileRef = D83656871F5A79DA00BDDE9A /* Assets.xcassets */; };
		D836568B1F5A79DA00BDDE9A /* LaunchScreen.storyboard in Resources */ = {isa = PBXBuildFile; fileRef = D83656891F5A79DA00BDDE9A /* LaunchScreen.storyboard */; };
		D83656931F5A802100BDDE9A /* PreViewController.swift in Sources */ = {isa = PBXBuildFile; fileRef = D83656921F5A802100BDDE9A /* PreViewController.swift */; };
/* End PBXBuildFile section */

/* Begin PBXFileReference section */
		D836567D1F5A79DA00BDDE9A /* Swift4CustomCamera.app */ = {isa = PBXFileReference; explicitFileType = wrapper.application; includeInIndex = 0; path = Swift4CustomCamera.app; sourceTree = BUILT_PRODUCTS_DIR; };
		D83656801F5A79DA00BDDE9A /* AppDelegate.swift */ = {isa = PBXFileReference; lastKnownFileType = sourcecode.swift; path = AppDelegate.swift; sourceTree = "<group>"; };
		D83656821F5A79DA00BDDE9A /* ViewController.swift */ = {isa = PBXFileReference; lastKnownFileType = sourcecode.swift; path = ViewController.swift; sourceTree = "<group>"; };
		D83656851F5A79DA00BDDE9A /* Base */ = {isa = PBXFileReference; lastKnownFileType = file.storyboard; name = Base; path = Base.lproj/Main.storyboard; sourceTree = "<group>"; };
		D83656871F5A79DA00BDDE9A /* Assets.xcassets */ = {isa = PBXFileReference; lastKnownFileType = folder.assetcatalog; path = Assets.xcassets; sourceTree = "<group>"; };
		D836568A1F5A79DA00BDDE9A /* Base */ = {isa = PBXFileReference; lastKnownFileType = file.storyboard; name = Base; path = Base.lproj/LaunchScreen.storyboard; sourceTree = "<group>"; };
		D836568C1F5A79DA00BDDE9A /* Info.plist */ = {isa = PBXFileReference; lastKnownFileType = text.plist.xml; path = Info.plist; sourceTree = "<group>"; };
		D83656921F5A802100BDDE9A /* PreViewController.swift */ = {isa = PBXFileReference; lastKnownFileType = sourcecode.swift; path = PreViewController.swift; sourceTree = "<group>"; };
/* End PBXFileReference section */

/* Begin PBXFrameworksBuildPhase section */
		D836567A1F5A79DA00BDDE9A /* Frameworks */ = {
			isa = PBXFrameworksBuildPhase;
			buildActionMask = 2147483647;
			files = (
			);
			runOnlyForDeploymentPostprocessing = 0;
		};
/* End PBXFrameworksBuildPhase section */

/* Begin PBXGroup section */
		D83656741F5A79D900BDDE9A = {
			isa = PBXGroup;
			children = (
				D836567F1F5A79DA00BDDE9A /* Swift4CustomCamera */,
				D836567E1F5A79DA00BDDE9A /* Products */,
			);
			sourceTree = "<group>";
		};
		D836567E1F5A79DA00BDDE9A /* Products */ = {
			isa = PBXGroup;
			children = (
				D836567D1F5A79DA00BDDE9A /* Swift4CustomCamera.app */,
			);
			name = Products;
			sourceTree = "<group>";
		};
		D836567F1F5A79DA00BDDE9A /* Swift4CustomCamera */ = {
			isa = PBXGroup;
			children = (
				D83656801F5A79DA00BDDE9A /* AppDelegate.swift */,
				D83656821F5A79DA00BDDE9A /* ViewController.swift */,
				D83656921F5A802100BDDE9A /* PreViewController.swift */,
				D83656841F5A79DA00BDDE9A /* Main.storyboard */,
				D83656871F5A79DA00BDDE9A /* Assets.xcassets */,
				D83656891F5A79DA00BDDE9A /* LaunchScreen.storyboard */,
				D836568C1F5A79DA00BDDE9A /* Info.plist */,
			);
			path = Swift4CustomCamera;
			sourceTree = "<group>";
		};
/* End PBXGroup section */

/* Begin PBXNativeTarget section */
		D836567C1F5A79DA00BDDE9A /* Swift4CustomCamera */ = {
			isa = PBXNativeTarget;
			buildConfigurationList = D836568F1F5A79DA00BDDE9A /* Build configuration list for PBXNativeTarget "Swift4CustomCamera" */;
			buildPhases = (
				D83656791F5A79DA00BDDE9A /* Sources */,
				D836567A1F5A79DA00BDDE9A /* Frameworks */,
				D836567B1F5A79DA00BDDE9A /* Resources */,
			);
			buildRules = (
			);
			dependencies = (
			);
			name = Swift4CustomCamera;
			productName = Swift4CustomCamera;
			productReference = D836567D1F5A79DA00BDDE9A /* Swift4CustomCamera.app */;
			productType = "com.apple.product-type.application";
		};
/* End PBXNativeTarget section */

/* Begin PBXProject section */
		D83656751F5A79D900BDDE9A /* Project object */ = {
			isa = PBXProject;
			attributes = {
				LastSwiftUpdateCheck = 0900;
				LastUpgradeCheck = 0900;
				ORGANIZATIONNAME = "新宮広輝";
				TargetAttributes = {
					D836567C1F5A79DA00BDDE9A = {
						CreatedOnToolsVersion = 9.0;
					};
				};
			};
			buildConfigurationList = D83656781F5A79D900BDDE9A /* Build configuration list for PBXProject "Swift4CustomCamera" */;
			compatibilityVersion = "Xcode 8.0";
			developmentRegion = en;
			hasScannedForEncodings = 0;
			knownRegions = (
				en,
				Base,
			);
			mainGroup = D83656741F5A79D900BDDE9A;
			productRefGroup = D836567E1F5A79DA00BDDE9A /* Products */;
			projectDirPath = "";
			projectRoot = "";
			targets = (
				D836567C1F5A79DA00BDDE9A /* Swift4CustomCamera */,
			);
		};
/* End PBXProject section */

/* Begin PBXResourcesBuildPhase section */
		D836567B1F5A79DA00BDDE9A /* Resources */ = {
			isa = PBXResourcesBuildPhase;
			buildActionMask = 2147483647;
			files = (
				D836568B1F5A79DA00BDDE9A /* LaunchScreen.storyboard in Resources */,
				D83656881F5A79DA00BDDE9A /* Assets.xcassets in Resources */,
				D83656861F5A79DA00BDDE9A /* Main.storyboard in Resources */,
			);
			runOnlyForDeploymentPostprocessing = 0;
		};
/* End PBXResourcesBuildPhase section */

/* Begin PBXSourcesBuildPhase section */
		D83656791F5A79DA00BDDE9A /* Sources */ = {
			isa = PBXSourcesBuildPhase;
			buildActionMask = 2147483647;
			files = (
				D83656831F5A79DA00BDDE9A /* ViewController.swift in Sources */,
				D83656931F5A802100BDDE9A /* PreViewController.swift in Sources */,
				D83656811F5A79DA00BDDE9A /* AppDelegate.swift in Sources */,
			);
			runOnlyForDeploymentPostprocessing = 0;
		};
/* End PBXSourcesBuildPhase section */

/* Begin PBXVariantGroup section */
		D83656841F5A79DA00BDDE9A /* Main.storyboard */ = {
			isa = PBXVariantGroup;
			children = (
				D83656851F5A79DA00BDDE9A /* Base */,
			);
			name = Main.storyboard;
			sourceTree = "<group>";
		};
		D83656891F5A79DA00BDDE9A /* LaunchScreen.storyboard */ = {
			isa = PBXVariantGroup;
			children = (
				D836568A1F5A79DA00BDDE9A /* Base */,
			);
			name = LaunchScreen.storyboard;
			sourceTree = "<group>";
		};
/* End PBXVariantGroup section */

/* Begin XCBuildConfiguration section */
		D836568D1F5A79DA00BDDE9A /* Debug */ = {
			isa = XCBuildConfiguration;
			buildSettings = {
				ALWAYS_SEARCH_USER_PATHS = NO;
				CLANG_ANALYZER_NONNULL = YES;
				CLANG_ANALYZER_NUMBER_OBJECT_CONVERSION = YES_AGGRESSIVE;
				CLANG_CXX_LANGUAGE_STANDARD = "gnu++14";
				CLANG_CXX_LIBRARY = "libc++";
				CLANG_ENABLE_MODULES = YES;
				CLANG_ENABLE_OBJC_ARC = YES;
				CLANG_WARN_BLOCK_CAPTURE_AUTORELEASING = YES;
				CLANG_WARN_BOOL_CONVERSION = YES;
				CLANG_WARN_COMMA = YES;
				CLANG_WARN_CONSTANT_CONVERSION = YES;
				CLANG_WARN_DIRECT_OBJC_ISA_USAGE = YES_ERROR;
				CLANG_WARN_DOCUMENTATION_COMMENTS = YES;
				CLANG_WARN_EMPTY_BODY = YES;
				CLANG_WARN_ENUM_CONVERSION = YES;
				CLANG_WARN_INFINITE_RECURSION = YES;
				CLANG_WARN_INT_CONVERSION = YES;
				CLANG_WARN_NON_LITERAL_NULL_CONVERSION = YES;
				CLANG_WARN_OBJC_LITERAL_CONVERSION = YES;
				CLANG_WARN_OBJC_ROOT_CLASS = YES_ERROR;
				CLANG_WARN_RANGE_LOOP_ANALYSIS = YES;
				CLANG_WARN_STRICT_PROTOTYPES = YES;
				CLANG_WARN_SUSPICIOUS_MOVE = YES;
				CLANG_WARN_UNGUARDED_AVAILABILITY = YES_AGGRESSIVE;
				CLANG_WARN_UNREACHABLE_CODE = YES;
				CLANG_WARN__DUPLICATE_METHOD_MATCH = YES;
				CODE_SIGN_IDENTITY = "iPhone Developer";
				COPY_PHASE_STRIP = NO;
				DEBUG_INFORMATION_FORMAT = dwarf;
				ENABLE_STRICT_OBJC_MSGSEND = YES;
				ENABLE_TESTABILITY = YES;
				GCC_C_LANGUAGE_STANDARD = gnu11;
				GCC_DYNAMIC_NO_PIC = NO;
				GCC_NO_COMMON_BLOCKS = YES;
				GCC_OPTIMIZATION_LEVEL = 0;
				GCC_PREPROCESSOR_DEFINITIONS = (
					"DEBUG=1",
					"$(inherited)",
				);
				GCC_WARN_64_TO_32_BIT_CONVERSION = YES;
				GCC_WARN_ABOUT_RETURN_TYPE = YES_ERROR;
				GCC_WARN_UNDECLARED_SELECTOR = YES;
				GCC_WARN_UNINITIALIZED_AUTOS = YES_AGGRESSIVE;
				GCC_WARN_UNUSED_FUNCTION = YES;
				GCC_WARN_UNUSED_VARIABLE = YES;
				IPHONEOS_DEPLOYMENT_TARGET = 11.0;
				MTL_ENABLE_DEBUG_INFO = YES;
				ONLY_ACTIVE_ARCH = YES;
				SDKROOT = iphoneos;
				SWIFT_ACTIVE_COMPILATION_CONDITIONS = DEBUG;
				SWIFT_OPTIMIZATION_LEVEL = "-Onone";
			};
			name = Debug;
		};
		D836568E1F5A79DA00BDDE9A /* Release */ = {
			isa = XCBuildConfiguration;
			buildSettings = {
				ALWAYS_SEARCH_USER_PATHS = NO;
				CLANG_ANALYZER_NONNULL = YES;
				CLANG_ANALYZER_NUMBER_OBJECT_CONVERSION = YES_AGGRESSIVE;
				CLANG_CXX_LANGUAGE_STANDARD = "gnu++14";
				CLANG_CXX_LIBRARY = "libc++";
				CLANG_ENABLE_MODULES = YES;
				CLANG_ENABLE_OBJC_ARC = YES;
				CLANG_WARN_BLOCK_CAPTURE_AUTORELEASING = YES;
				CLANG_WARN_BOOL_CONVERSION = YES;
				CLANG_WARN_COMMA = YES;
				CLANG_WARN_CONSTANT_CONVERSION = YES;
				CLANG_WARN_DIRECT_OBJC_ISA_USAGE = YES_ERROR;
				CLANG_WARN_DOCUMENTATION_COMMENTS = YES;
				CLANG_WARN_EMPTY_BODY = YES;
				CLANG_WARN_ENUM_CONVERSION = YES;
				CLANG_WARN_INFINITE_RECURSION = YES;
				CLANG_WARN_INT_CONVERSION = YES;
				CLANG_WARN_NON_LITERAL_NULL_CONVERSION = YES;
				CLANG_WARN_OBJC_LITERAL_CONVERSION = YES;
				CLANG_WARN_OBJC_ROOT_CLASS = YES_ERROR;
				CLANG_WARN_RANGE_LOOP_ANALYSIS = YES;
				CLANG_WARN_STRICT_PROTOTYPES = YES;
				CLANG_WARN_SUSPICIOUS_MOVE = YES;
				CLANG_WARN_UNGUARDED_AVAILABILITY = YES_AGGRESSIVE;
				CLANG_WARN_UNREACHABLE_CODE = YES;
				CLANG_WARN__DUPLICATE_METHOD_MATCH = YES;
				CODE_SIGN_IDENTITY = "iPhone Developer";
				COPY_PHASE_STRIP = NO;
				DEBUG_INFORMATION_FORMAT = "dwarf-with-dsym";
				ENABLE_NS_ASSERTIONS = NO;
				ENABLE_STRICT_OBJC_MSGSEND = YES;
				GCC_C_LANGUAGE_STANDARD = gnu11;
				GCC_NO_COMMON_BLOCKS = YES;
				GCC_WARN_64_TO_32_BIT_CONVERSION = YES;
				GCC_WARN_ABOUT_RETURN_TYPE = YES_ERROR;
				GCC_WARN_UNDECLARED_SELECTOR = YES;
				GCC_WARN_UNINITIALIZED_AUTOS = YES_AGGRESSIVE;
				GCC_WARN_UNUSED_FUNCTION = YES;
				GCC_WARN_UNUSED_VARIABLE = YES;
				IPHONEOS_DEPLOYMENT_TARGET = 11.0;
				MTL_ENABLE_DEBUG_INFO = NO;
				SDKROOT = iphoneos;
				SWIFT_OPTIMIZATION_LEVEL = "-Owholemodule";
				VALIDATE_PRODUCT = YES;
			};
			name = Release;
		};
		D83656901F5A79DA00BDDE9A /* Debug */ = {
			isa = XCBuildConfiguration;
			buildSettings = {
				ASSETCATALOG_COMPILER_APPICON_NAME = AppIcon;
				DEVELOPMENT_TEAM = 9R9RSCL2PJ;
				INFOPLIST_FILE = Swift4CustomCamera/Info.plist;
				LD_RUNPATH_SEARCH_PATHS = "$(inherited) @executable_path/Frameworks";
				PRODUCT_BUNDLE_IDENTIFIER = com.sng.Swift4CustomCamera;
				PRODUCT_NAME = "$(TARGET_NAME)";
				SWIFT_VERSION = 4.0;
				TARGETED_DEVICE_FAMILY = "1,2";
			};
			name = Debug;
		};
		D83656911F5A79DA00BDDE9A /* Release */ = {
			isa = XCBuildConfiguration;
			buildSettings = {
				ASSETCATALOG_COMPILER_APPICON_NAME = AppIcon;
				DEVELOPMENT_TEAM = 9R9RSCL2PJ;
				INFOPLIST_FILE = Swift4CustomCamera/Info.plist;
				LD_RUNPATH_SEARCH_PATHS = "$(inherited) @executable_path/Frameworks";
				PRODUCT_BUNDLE_IDENTIFIER = com.sng.Swift4CustomCamera;
				PRODUCT_NAME = "$(TARGET_NAME)";
				SWIFT_VERSION = 4.0;
				TARGETED_DEVICE_FAMILY = "1,2";
			};
			name = Release;
		};
/* End XCBuildConfiguration section */

/* Begin XCConfigurationList section */
		D83656781F5A79D900BDDE9A /* Build configuration list for PBXProject "Swift4CustomCamera" */ = {
			isa = XCConfigurationList;
			buildConfigurations = (
				D836568D1F5A79DA00BDDE9A /* Debug */,
				D836568E1F5A79DA00BDDE9A /* Release */,
			);
			defaultConfigurationIsVisible = 0;
			defaultConfigurationName = Release;
		};
		D836568F1F5A79DA00BDDE9A /* Build configuration list for PBXNativeTarget "Swift4CustomCamera" */ = {
			isa = XCConfigurationList;
			buildConfigurations = (
				D83656901F5A79DA00BDDE9A /* Debug */,
				D83656911F5A79DA00BDDE9A /* Release */,
			);
			defaultConfigurationIsVisible = 0;
			defaultConfigurationName = Release;
		};
/* End XCConfigurationList section */
	};
	rootObject = D83656751F5A79D900BDDE9A /* Project object */;
}
